
Microsoft Visual Studio Solution File, Format Version 12.00
# Visual Studio Version 17
VisualStudioVersion = 17.11.35303.130
MinimumVisualStudioVersion = 10.0.40219.1
Project("{FAE04EC0-301F-11D3-BF4B-00C04F79EFBC}") = "ChatAppServer.WebAPI", "ChatAppServer.WebAPI\ChatAppServer.WebAPI.csproj", "{FE178CF3-2893-4DEA-B80E-414096E7229B}"
EndProject
Global
	GlobalSection(SolutionConfigurationPlatforms) = preSolution
		Debug|Any CPU = Debug|Any CPU
		Release|Any CPU = Release|Any CPU
	EndGlobalSection
	GlobalSection(ProjectConfigurationPlatforms) = postSolution
		{FE178CF3-2893-4DEA-B80E-414096E7229B}.Debug|Any CPU.ActiveCfg = Debug|Any CPU
		{FE178CF3-2893-4DEA-B80E-414096E7229B}.Debug|Any CPU.Build.0 = Debug|Any CPU
		{FE178CF3-2893-4DEA-B80E-414096E7229B}.Release|Any CPU.ActiveCfg = Release|Any CPU
		{FE178CF3-2893-4DEA-B80E-414096E7229B}.Release|Any CPU.Build.0 = Release|Any CPU
	EndGlobalSection
	GlobalSection(SolutionProperties) = preSolution
		HideSolutionNode = FALSE
	EndGlobalSection
	GlobalSection(ExtensibilityGlobals) = postSolution
		SolutionGuid = {A22BEE26-0F0A-4432-90F4-4FB5B00397FD}
	EndGlobalSection
EndGlobal
